// !$*UTF8*$!
{
	archiveVersion = 1;
	classes = {
	};
	objectVersion = 50;
	objects = {

/* Begin PBXBuildFile section */
		CB678FAC22751CB600DA5102 /* GoogleService-Info.plist in Resources */ = {isa = PBXBuildFile; fileRef = CB678FAB22751CB600DA5102 /* GoogleService-Info.plist */; };
		CB89B23F2275432F0089468F /* Overview.storyboard in Resources */ = {isa = PBXBuildFile; fileRef = CB89B23E2275432F0089468F /* Overview.storyboard */; };
		CBCD4F0622754B0C00A1340C /* FriendRequests.storyboard in Resources */ = {isa = PBXBuildFile; fileRef = CBCD4F0522754B0C00A1340C /* FriendRequests.storyboard */; };
		CBCD4F0922754B4E00A1340C /* Careers.storyboard in Resources */ = {isa = PBXBuildFile; fileRef = CBCD4F0822754B4E00A1340C /* Careers.storyboard */; };
		DA785ED0225C1292009C23CC /* AppDelegate.swift in Sources */ = {isa = PBXBuildFile; fileRef = DA785ECF225C1292009C23CC /* AppDelegate.swift */; };
		DA785ED2225C1292009C23CC /* ViewController.swift in Sources */ = {isa = PBXBuildFile; fileRef = DA785ED1225C1292009C23CC /* ViewController.swift */; };
		DA785ED5225C1292009C23CC /* Main.storyboard in Resources */ = {isa = PBXBuildFile; fileRef = DA785ED3225C1292009C23CC /* Main.storyboard */; };
		DA785ED8225C1292009C23CC /* TheOldTimes.xcdatamodeld in Sources */ = {isa = PBXBuildFile; fileRef = DA785ED6225C1292009C23CC /* TheOldTimes.xcdatamodeld */; };
		DA785EDA225C1293009C23CC /* Assets.xcassets in Resources */ = {isa = PBXBuildFile; fileRef = DA785ED9225C1293009C23CC /* Assets.xcassets */; };
		DA785EDD225C1293009C23CC /* LaunchScreen.storyboard in Resources */ = {isa = PBXBuildFile; fileRef = DA785EDB225C1293009C23CC /* LaunchScreen.storyboard */; };
		DA785EE8225C1293009C23CC /* TheOldTimesTests.swift in Sources */ = {isa = PBXBuildFile; fileRef = DA785EE7225C1293009C23CC /* TheOldTimesTests.swift */; };
		DA785EF3225C1293009C23CC /* TheOldTimesUITests.swift in Sources */ = {isa = PBXBuildFile; fileRef = DA785EF2225C1293009C23CC /* TheOldTimesUITests.swift */; };
		DAC440F822759119005052FF /* GoogleSignInViewController.swift in Sources */ = {isa = PBXBuildFile; fileRef = DAC440F722759119005052FF /* GoogleSignInViewController.swift */; };
		DAC440FE227FE570005052FF /* LoginViewController.swift in Sources */ = {isa = PBXBuildFile; fileRef = DAC440FD227FE570005052FF /* LoginViewController.swift */; };
		DAFE67FD2287D1C8001A76AB /* MessageViewController.swift in Sources */ = {isa = PBXBuildFile; fileRef = DAFE67FC2287D1C8001A76AB /* MessageViewController.swift */; };
		DAFE67FF2287D1F1001A76AB /* ShowChatLogController.swift in Sources */ = {isa = PBXBuildFile; fileRef = DAFE67FE2287D1F1001A76AB /* ShowChatLogController.swift */; };
		DE5F4059A0E8F369100AEF69 /* Pods_TheOldTimesTests.framework in Frameworks */ = {isa = PBXBuildFile; fileRef = 197B94C307097832D9A04677 /* Pods_TheOldTimesTests.framework */; };
		E41A81D9EE18B60B7D527E75 /* Pods_TheOldTimes.framework in Frameworks */ = {isa = PBXBuildFile; fileRef = C904908323354FBA8EF409D1 /* Pods_TheOldTimes.framework */; };
		ED54054B0058EEA9D68D174B /* Pods_TheOldTimesUITests.framework in Frameworks */ = {isa = PBXBuildFile; fileRef = 225ED3520D668A225632052C /* Pods_TheOldTimesUITests.framework */; };
/* End PBXBuildFile section */

/* Begin PBXContainerItemProxy section */
		DA785EE4225C1293009C23CC /* PBXContainerItemProxy */ = {
			isa = PBXContainerItemProxy;
			containerPortal = DA785EC4225C1292009C23CC /* Project object */;
			proxyType = 1;
			remoteGlobalIDString = DA785ECB225C1292009C23CC;
			remoteInfo = TheOldTimes;
		};
		DA785EEF225C1293009C23CC /* PBXContainerItemProxy */ = {
			isa = PBXContainerItemProxy;
			containerPortal = DA785EC4225C1292009C23CC /* Project object */;
			proxyType = 1;
			remoteGlobalIDString = DA785ECB225C1292009C23CC;
			remoteInfo = TheOldTimes;
		};
/* End PBXContainerItemProxy section */

/* Begin PBXFileReference section */
		197B94C307097832D9A04677 /* Pods_TheOldTimesTests.framework */ = {isa = PBXFileReference; explicitFileType = wrapper.framework; includeInIndex = 0; path = Pods_TheOldTimesTests.framework; sourceTree = BUILT_PRODUCTS_DIR; };
		225ED3520D668A225632052C /* Pods_TheOldTimesUITests.framework */ = {isa = PBXFileReference; explicitFileType = wrapper.framework; includeInIndex = 0; path = Pods_TheOldTimesUITests.framework; sourceTree = BUILT_PRODUCTS_DIR; };
		3D47E226147441F5FFDF9B4E /* Pods-TheOldTimesUITests.release.xcconfig */ = {isa = PBXFileReference; includeInIndex = 1; lastKnownFileType = text.xcconfig; name = "Pods-TheOldTimesUITests.release.xcconfig"; path = "Target Support Files/Pods-TheOldTimesUITests/Pods-TheOldTimesUITests.release.xcconfig"; sourceTree = "<group>"; };
		44FDE657F415AC34A20286A4 /* Pods-TheOldTimesTests.debug.xcconfig */ = {isa = PBXFileReference; includeInIndex = 1; lastKnownFileType = text.xcconfig; name = "Pods-TheOldTimesTests.debug.xcconfig"; path = "Target Support Files/Pods-TheOldTimesTests/Pods-TheOldTimesTests.debug.xcconfig"; sourceTree = "<group>"; };
		86F6A926495BD1DCD4CCB1FA /* Pods-TheOldTimesUITests.debug.xcconfig */ = {isa = PBXFileReference; includeInIndex = 1; lastKnownFileType = text.xcconfig; name = "Pods-TheOldTimesUITests.debug.xcconfig"; path = "Target Support Files/Pods-TheOldTimesUITests/Pods-TheOldTimesUITests.debug.xcconfig"; sourceTree = "<group>"; };
		98D532E26A473A02ADD56EAA /* Pods-TheOldTimes.release.xcconfig */ = {isa = PBXFileReference; includeInIndex = 1; lastKnownFileType = text.xcconfig; name = "Pods-TheOldTimes.release.xcconfig"; path = "Target Support Files/Pods-TheOldTimes/Pods-TheOldTimes.release.xcconfig"; sourceTree = "<group>"; };
		C904908323354FBA8EF409D1 /* Pods_TheOldTimes.framework */ = {isa = PBXFileReference; explicitFileType = wrapper.framework; includeInIndex = 0; path = Pods_TheOldTimes.framework; sourceTree = BUILT_PRODUCTS_DIR; };
		CB1B318FD8AC82EEFE7EABFE /* Pods-TheOldTimes.debug.xcconfig */ = {isa = PBXFileReference; includeInIndex = 1; lastKnownFileType = text.xcconfig; name = "Pods-TheOldTimes.debug.xcconfig"; path = "Target Support Files/Pods-TheOldTimes/Pods-TheOldTimes.debug.xcconfig"; sourceTree = "<group>"; };
		CB678FAB22751CB600DA5102 /* GoogleService-Info.plist */ = {isa = PBXFileReference; fileEncoding = 4; lastKnownFileType = text.plist.xml; path = "GoogleService-Info.plist"; sourceTree = "<group>"; };
		CB89B23E2275432F0089468F /* Overview.storyboard */ = {isa = PBXFileReference; fileEncoding = 4; lastKnownFileType = file.storyboard; path = Overview.storyboard; sourceTree = "<group>"; };
		CBCD4F0522754B0C00A1340C /* FriendRequests.storyboard */ = {isa = PBXFileReference; fileEncoding = 4; lastKnownFileType = file.storyboard; path = FriendRequests.storyboard; sourceTree = "<group>"; };
		CBCD4F0822754B4E00A1340C /* Careers.storyboard */ = {isa = PBXFileReference; fileEncoding = 4; lastKnownFileType = file.storyboard; path = Careers.storyboard; sourceTree = "<group>"; };
		DA785ECC225C1292009C23CC /* TheOldTimes.app */ = {isa = PBXFileReference; explicitFileType = wrapper.application; includeInIndex = 0; path = TheOldTimes.app; sourceTree = BUILT_PRODUCTS_DIR; };
		DA785ECF225C1292009C23CC /* AppDelegate.swift */ = {isa = PBXFileReference; lastKnownFileType = sourcecode.swift; path = AppDelegate.swift; sourceTree = "<group>"; };
		DA785ED1225C1292009C23CC /* ViewController.swift */ = {isa = PBXFileReference; lastKnownFileType = sourcecode.swift; path = ViewController.swift; sourceTree = "<group>"; };
		DA785ED4225C1292009C23CC /* Base */ = {isa = PBXFileReference; lastKnownFileType = file.storyboard; name = Base; path = Base.lproj/Main.storyboard; sourceTree = "<group>"; };
		DA785ED7225C1292009C23CC /* TheOldTimes.xcdatamodel */ = {isa = PBXFileReference; lastKnownFileType = wrapper.xcdatamodel; path = TheOldTimes.xcdatamodel; sourceTree = "<group>"; };
		DA785ED9225C1293009C23CC /* Assets.xcassets */ = {isa = PBXFileReference; lastKnownFileType = folder.assetcatalog; path = Assets.xcassets; sourceTree = "<group>"; };
		DA785EDC225C1293009C23CC /* Base */ = {isa = PBXFileReference; lastKnownFileType = file.storyboard; name = Base; path = Base.lproj/LaunchScreen.storyboard; sourceTree = "<group>"; };
		DA785EDE225C1293009C23CC /* Info.plist */ = {isa = PBXFileReference; lastKnownFileType = text.plist.xml; path = Info.plist; sourceTree = "<group>"; };
		DA785EE3225C1293009C23CC /* TheOldTimesTests.xctest */ = {isa = PBXFileReference; explicitFileType = wrapper.cfbundle; includeInIndex = 0; path = TheOldTimesTests.xctest; sourceTree = BUILT_PRODUCTS_DIR; };
		DA785EE7225C1293009C23CC /* TheOldTimesTests.swift */ = {isa = PBXFileReference; lastKnownFileType = sourcecode.swift; path = TheOldTimesTests.swift; sourceTree = "<group>"; };
		DA785EE9225C1293009C23CC /* Info.plist */ = {isa = PBXFileReference; lastKnownFileType = text.plist.xml; path = Info.plist; sourceTree = "<group>"; };
		DA785EEE225C1293009C23CC /* TheOldTimesUITests.xctest */ = {isa = PBXFileReference; explicitFileType = wrapper.cfbundle; includeInIndex = 0; path = TheOldTimesUITests.xctest; sourceTree = BUILT_PRODUCTS_DIR; };
		DA785EF2225C1293009C23CC /* TheOldTimesUITests.swift */ = {isa = PBXFileReference; lastKnownFileType = sourcecode.swift; path = TheOldTimesUITests.swift; sourceTree = "<group>"; };
		DA785EF4225C1293009C23CC /* Info.plist */ = {isa = PBXFileReference; lastKnownFileType = text.plist.xml; path = Info.plist; sourceTree = "<group>"; };
		DAC440F722759119005052FF /* GoogleSignInViewController.swift */ = {isa = PBXFileReference; lastKnownFileType = sourcecode.swift; path = GoogleSignInViewController.swift; sourceTree = "<group>"; };
		DAC440FD227FE570005052FF /* LoginViewController.swift */ = {isa = PBXFileReference; lastKnownFileType = sourcecode.swift; name = LoginViewController.swift; path = Screens/Overview/LoginViewController.swift; sourceTree = "<group>"; };
		DAFE67FC2287D1C8001A76AB /* MessageViewController.swift */ = {isa = PBXFileReference; lastKnownFileType = sourcecode.swift; path = MessageViewController.swift; sourceTree = "<group>"; };
		DAFE67FE2287D1F1001A76AB /* ShowChatLogController.swift */ = {isa = PBXFileReference; lastKnownFileType = sourcecode.swift; path = ShowChatLogController.swift; sourceTree = "<group>"; };
		E75873BED842EB9C985C8FA2 /* Pods-TheOldTimesTests.release.xcconfig */ = {isa = PBXFileReference; includeInIndex = 1; lastKnownFileType = text.xcconfig; name = "Pods-TheOldTimesTests.release.xcconfig"; path = "Target Support Files/Pods-TheOldTimesTests/Pods-TheOldTimesTests.release.xcconfig"; sourceTree = "<group>"; };
/* End PBXFileReference section */

/* Begin PBXFrameworksBuildPhase section */
		DA785EC9225C1292009C23CC /* Frameworks */ = {
			isa = PBXFrameworksBuildPhase;
			buildActionMask = 2147483647;
			files = (
				E41A81D9EE18B60B7D527E75 /* Pods_TheOldTimes.framework in Frameworks */,
			);
			runOnlyForDeploymentPostprocessing = 0;
		};
		DA785EE0225C1293009C23CC /* Frameworks */ = {
			isa = PBXFrameworksBuildPhase;
			buildActionMask = 2147483647;
			files = (
				DE5F4059A0E8F369100AEF69 /* Pods_TheOldTimesTests.framework in Frameworks */,
			);
			runOnlyForDeploymentPostprocessing = 0;
		};
		DA785EEB225C1293009C23CC /* Frameworks */ = {
			isa = PBXFrameworksBuildPhase;
			buildActionMask = 2147483647;
			files = (
				ED54054B0058EEA9D68D174B /* Pods_TheOldTimesUITests.framework in Frameworks */,
			);
			runOnlyForDeploymentPostprocessing = 0;
		};
/* End PBXFrameworksBuildPhase section */

/* Begin PBXGroup section */
		02C1D0C6C4E4A02B3A49E8F2 /* Pods */ = {
			isa = PBXGroup;
			children = (
				CB1B318FD8AC82EEFE7EABFE /* Pods-TheOldTimes.debug.xcconfig */,
				98D532E26A473A02ADD56EAA /* Pods-TheOldTimes.release.xcconfig */,
				44FDE657F415AC34A20286A4 /* Pods-TheOldTimesTests.debug.xcconfig */,
				E75873BED842EB9C985C8FA2 /* Pods-TheOldTimesTests.release.xcconfig */,
				86F6A926495BD1DCD4CCB1FA /* Pods-TheOldTimesUITests.debug.xcconfig */,
				3D47E226147441F5FFDF9B4E /* Pods-TheOldTimesUITests.release.xcconfig */,
			);
			path = Pods;
			sourceTree = "<group>";
		};
		CB89B23C227542EB0089468F /* Screens */ = {
			isa = PBXGroup;
			children = (
				CB89B23D227543010089468F /* Overview */,
				CBCD4F0422754A1600A1340C /* FriendRequests */,
				CBCD4F0722754B1300A1340C /* Careers */,
			);
			path = Screens;
			sourceTree = "<group>";
		};
		CB89B23D227543010089468F /* Overview */ = {
			isa = PBXGroup;
			children = (
				CB89B23E2275432F0089468F /* Overview.storyboard */,
				DA785ED1225C1292009C23CC /* ViewController.swift */,
				DAFE67FC2287D1C8001A76AB /* MessageViewController.swift */,
				DAFE67FE2287D1F1001A76AB /* ShowChatLogController.swift */,
			);
			path = Overview;
			sourceTree = "<group>";
		};
		CBCD4F0422754A1600A1340C /* FriendRequests */ = {
			isa = PBXGroup;
			children = (
				CBCD4F0522754B0C00A1340C /* FriendRequests.storyboard */,
			);
			path = FriendRequests;
			sourceTree = "<group>";
		};
		CBCD4F0722754B1300A1340C /* Careers */ = {
			isa = PBXGroup;
			children = (
				CBCD4F0822754B4E00A1340C /* Careers.storyboard */,
			);
			path = Careers;
			sourceTree = "<group>";
		};
		D31A099D16B5D6E4B9F24F68 /* Frameworks */ = {
			isa = PBXGroup;
			children = (
				C904908323354FBA8EF409D1 /* Pods_TheOldTimes.framework */,
				197B94C307097832D9A04677 /* Pods_TheOldTimesTests.framework */,
				225ED3520D668A225632052C /* Pods_TheOldTimesUITests.framework */,
			);
			name = Frameworks;
			sourceTree = "<group>";
		};
		DA785EC3225C1292009C23CC = {
			isa = PBXGroup;
			children = (
				DA785ECE225C1292009C23CC /* TheOldTimes */,
				DA785EE6225C1293009C23CC /* TheOldTimesTests */,
				DA785EF1225C1293009C23CC /* TheOldTimesUITests */,
				DA785ECD225C1292009C23CC /* Products */,
				02C1D0C6C4E4A02B3A49E8F2 /* Pods */,
				D31A099D16B5D6E4B9F24F68 /* Frameworks */,
			);
			sourceTree = "<group>";
		};
		DA785ECD225C1292009C23CC /* Products */ = {
			isa = PBXGroup;
			children = (
				DA785ECC225C1292009C23CC /* TheOldTimes.app */,
				DA785EE3225C1293009C23CC /* TheOldTimesTests.xctest */,
				DA785EEE225C1293009C23CC /* TheOldTimesUITests.xctest */,
			);
			name = Products;
			sourceTree = "<group>";
		};
		DA785ECE225C1292009C23CC /* TheOldTimes */ = {
			isa = PBXGroup;
			children = (
				DA785ECF225C1292009C23CC /* AppDelegate.swift */,
				DA785ED3225C1292009C23CC /* Main.storyboard */,
				DAC440F722759119005052FF /* GoogleSignInViewController.swift */,
				DAC440FD227FE570005052FF /* LoginViewController.swift */,
				DA785ED9225C1293009C23CC /* Assets.xcassets */,
				DA785EDB225C1293009C23CC /* LaunchScreen.storyboard */,
				DA785EDE225C1293009C23CC /* Info.plist */,
				CB678FAB22751CB600DA5102 /* GoogleService-Info.plist */,
				DA785ED6225C1292009C23CC /* TheOldTimes.xcdatamodeld */,
				CB89B23C227542EB0089468F /* Screens */,
			);
			path = TheOldTimes;
			sourceTree = "<group>";
		};
		DA785EE6225C1293009C23CC /* TheOldTimesTests */ = {
			isa = PBXGroup;
			children = (
				DA785EE7225C1293009C23CC /* TheOldTimesTests.swift */,
				DA785EE9225C1293009C23CC /* Info.plist */,
			);
			path = TheOldTimesTests;
			sourceTree = "<group>";
		};
		DA785EF1225C1293009C23CC /* TheOldTimesUITests */ = {
			isa = PBXGroup;
			children = (
				DA785EF2225C1293009C23CC /* TheOldTimesUITests.swift */,
				DA785EF4225C1293009C23CC /* Info.plist */,
			);
			path = TheOldTimesUITests;
			sourceTree = "<group>";
		};
/* End PBXGroup section */

/* Begin PBXNativeTarget section */
		DA785ECB225C1292009C23CC /* TheOldTimes */ = {
			isa = PBXNativeTarget;
			buildConfigurationList = DA785EF7225C1293009C23CC /* Build configuration list for PBXNativeTarget "TheOldTimes" */;
			buildPhases = (
				01400CA27C8BE04DA58937F6 /* [CP] Check Pods Manifest.lock */,
				DA785EC8225C1292009C23CC /* Sources */,
				DA785EC9225C1292009C23CC /* Frameworks */,
				DA785ECA225C1292009C23CC /* Resources */,
				21032093B404AC8A127AF0DF /* [CP] Embed Pods Frameworks */,
				4E32C9995B8CC22A0840BDAD /* [CP] Copy Pods Resources */,
			);
			buildRules = (
			);
			dependencies = (
			);
			name = TheOldTimes;
			productName = TheOldTimes;
			productReference = DA785ECC225C1292009C23CC /* TheOldTimes.app */;
			productType = "com.apple.product-type.application";
		};
		DA785EE2225C1293009C23CC /* TheOldTimesTests */ = {
			isa = PBXNativeTarget;
			buildConfigurationList = DA785EFA225C1293009C23CC /* Build configuration list for PBXNativeTarget "TheOldTimesTests" */;
			buildPhases = (
				5D3B23D67190E3509FB983FA /* [CP] Check Pods Manifest.lock */,
				DA785EDF225C1293009C23CC /* Sources */,
				DA785EE0225C1293009C23CC /* Frameworks */,
				DA785EE1225C1293009C23CC /* Resources */,
			);
			buildRules = (
			);
			dependencies = (
				DA785EE5225C1293009C23CC /* PBXTargetDependency */,
			);
			name = TheOldTimesTests;
			productName = TheOldTimesTests;
			productReference = DA785EE3225C1293009C23CC /* TheOldTimesTests.xctest */;
			productType = "com.apple.product-type.bundle.unit-test";
		};
		DA785EED225C1293009C23CC /* TheOldTimesUITests */ = {
			isa = PBXNativeTarget;
			buildConfigurationList = DA785EFD225C1293009C23CC /* Build configuration list for PBXNativeTarget "TheOldTimesUITests" */;
			buildPhases = (
				33590A1895AA93284FA421DF /* [CP] Check Pods Manifest.lock */,
				DA785EEA225C1293009C23CC /* Sources */,
				DA785EEB225C1293009C23CC /* Frameworks */,
				DA785EEC225C1293009C23CC /* Resources */,
			);
			buildRules = (
			);
			dependencies = (
				DA785EF0225C1293009C23CC /* PBXTargetDependency */,
			);
			name = TheOldTimesUITests;
			productName = TheOldTimesUITests;
			productReference = DA785EEE225C1293009C23CC /* TheOldTimesUITests.xctest */;
			productType = "com.apple.product-type.bundle.ui-testing";
		};
/* End PBXNativeTarget section */

/* Begin PBXProject section */
		DA785EC4225C1292009C23CC /* Project object */ = {
			isa = PBXProject;
			attributes = {
				LastSwiftUpdateCheck = 1020;
				LastUpgradeCheck = 1020;
				ORGANIZATIONNAME = AshikChowdhury;
				TargetAttributes = {
					DA785ECB225C1292009C23CC = {
						CreatedOnToolsVersion = 10.2;
					};
					DA785EE2225C1293009C23CC = {
						CreatedOnToolsVersion = 10.2;
						TestTargetID = DA785ECB225C1292009C23CC;
					};
					DA785EED225C1293009C23CC = {
						CreatedOnToolsVersion = 10.2;
						TestTargetID = DA785ECB225C1292009C23CC;
					};
				};
			};
			buildConfigurationList = DA785EC7225C1292009C23CC /* Build configuration list for PBXProject "TheOldTimes" */;
			compatibilityVersion = "Xcode 9.3";
			developmentRegion = en;
			hasScannedForEncodings = 0;
			knownRegions = (
				en,
				Base,
			);
			mainGroup = DA785EC3225C1292009C23CC;
			productRefGroup = DA785ECD225C1292009C23CC /* Products */;
			projectDirPath = "";
			projectRoot = "";
			targets = (
				DA785ECB225C1292009C23CC /* TheOldTimes */,
				DA785EE2225C1293009C23CC /* TheOldTimesTests */,
				DA785EED225C1293009C23CC /* TheOldTimesUITests */,
			);
		};
/* End PBXProject section */

/* Begin PBXResourcesBuildPhase section */
		DA785ECA225C1292009C23CC /* Resources */ = {
			isa = PBXResourcesBuildPhase;
			buildActionMask = 2147483647;
			files = (
				CBCD4F0622754B0C00A1340C /* FriendRequests.storyboard in Resources */,
				DA785EDD225C1293009C23CC /* LaunchScreen.storyboard in Resources */,
				CB678FAC22751CB600DA5102 /* GoogleService-Info.plist in Resources */,
				CBCD4F0922754B4E00A1340C /* Careers.storyboard in Resources */,
				DA785EDA225C1293009C23CC /* Assets.xcassets in Resources */,
				CB89B23F2275432F0089468F /* Overview.storyboard in Resources */,
				DA785ED5225C1292009C23CC /* Main.storyboard in Resources */,
			);
			runOnlyForDeploymentPostprocessing = 0;
		};
		DA785EE1225C1293009C23CC /* Resources */ = {
			isa = PBXResourcesBuildPhase;
			buildActionMask = 2147483647;
			files = (
			);
			runOnlyForDeploymentPostprocessing = 0;
		};
		DA785EEC225C1293009C23CC /* Resources */ = {
			isa = PBXResourcesBuildPhase;
			buildActionMask = 2147483647;
			files = (
			);
			runOnlyForDeploymentPostprocessing = 0;
		};
/* End PBXResourcesBuildPhase section */

/* Begin PBXShellScriptBuildPhase section */
		01400CA27C8BE04DA58937F6 /* [CP] Check Pods Manifest.lock */ = {
			isa = PBXShellScriptBuildPhase;
			buildActionMask = 2147483647;
			files = (
			);
			inputFileListPaths = (
			);
			inputPaths = (
				"${PODS_PODFILE_DIR_PATH}/Podfile.lock",
				"${PODS_ROOT}/Manifest.lock",
			);
			name = "[CP] Check Pods Manifest.lock";
			outputFileListPaths = (
			);
			outputPaths = (
				"$(DERIVED_FILE_DIR)/Pods-TheOldTimes-checkManifestLockResult.txt",
			);
			runOnlyForDeploymentPostprocessing = 0;
			shellPath = /bin/sh;
			shellScript = "diff \"${PODS_PODFILE_DIR_PATH}/Podfile.lock\" \"${PODS_ROOT}/Manifest.lock\" > /dev/null\nif [ $? != 0 ] ; then\n    # print error to STDERR\n    echo \"error: The sandbox is not in sync with the Podfile.lock. Run 'pod install' or update your CocoaPods installation.\" >&2\n    exit 1\nfi\n# This output is used by Xcode 'outputs' to avoid re-running this script phase.\necho \"SUCCESS\" > \"${SCRIPT_OUTPUT_FILE_0}\"\n";
			showEnvVarsInLog = 0;
		};
		21032093B404AC8A127AF0DF /* [CP] Embed Pods Frameworks */ = {
			isa = PBXShellScriptBuildPhase;
			buildActionMask = 2147483647;
			files = (
			);
			inputFileListPaths = (
			);
			inputPaths = (
				"${PODS_ROOT}/Target Support Files/Pods-TheOldTimes/Pods-TheOldTimes-frameworks.sh",
				"${BUILT_PRODUCTS_DIR}/Alamofire/Alamofire.framework",
				"${BUILT_PRODUCTS_DIR}/GTMSessionFetcher/GTMSessionFetcher.framework",
				"${BUILT_PRODUCTS_DIR}/GoogleToolboxForMac/GoogleToolboxForMac.framework",
				"${BUILT_PRODUCTS_DIR}/GoogleUtilities/GoogleUtilities.framework",
				"${BUILT_PRODUCTS_DIR}/SwiftyJSON/SwiftyJSON.framework",
				"${BUILT_PRODUCTS_DIR}/leveldb-library/leveldb.framework",
				"${BUILT_PRODUCTS_DIR}/nanopb/nanopb.framework",
			);
			name = "[CP] Embed Pods Frameworks";
			outputFileListPaths = (
			);
			outputPaths = (
				"${TARGET_BUILD_DIR}/${FRAMEWORKS_FOLDER_PATH}/Alamofire.framework",
				"${TARGET_BUILD_DIR}/${FRAMEWORKS_FOLDER_PATH}/GTMSessionFetcher.framework",
				"${TARGET_BUILD_DIR}/${FRAMEWORKS_FOLDER_PATH}/GoogleToolboxForMac.framework",
				"${TARGET_BUILD_DIR}/${FRAMEWORKS_FOLDER_PATH}/GoogleUtilities.framework",
				"${TARGET_BUILD_DIR}/${FRAMEWORKS_FOLDER_PATH}/SwiftyJSON.framework",
				"${TARGET_BUILD_DIR}/${FRAMEWORKS_FOLDER_PATH}/leveldb.framework",
				"${TARGET_BUILD_DIR}/${FRAMEWORKS_FOLDER_PATH}/nanopb.framework",
			);
			runOnlyForDeploymentPostprocessing = 0;
			shellPath = /bin/sh;
			shellScript = "\"${PODS_ROOT}/Target Support Files/Pods-TheOldTimes/Pods-TheOldTimes-frameworks.sh\"\n";
			showEnvVarsInLog = 0;
		};
		33590A1895AA93284FA421DF /* [CP] Check Pods Manifest.lock */ = {
			isa = PBXShellScriptBuildPhase;
			buildActionMask = 2147483647;
			files = (
			);
			inputFileListPaths = (
			);
			inputPaths = (
				"${PODS_PODFILE_DIR_PATH}/Podfile.lock",
				"${PODS_ROOT}/Manifest.lock",
			);
			name = "[CP] Check Pods Manifest.lock";
			outputFileListPaths = (
			);
			outputPaths = (
				"$(DERIVED_FILE_DIR)/Pods-TheOldTimesUITests-checkManifestLockResult.txt",
			);
			runOnlyForDeploymentPostprocessing = 0;
			shellPath = /bin/sh;
			shellScript = "diff \"${PODS_PODFILE_DIR_PATH}/Podfile.lock\" \"${PODS_ROOT}/Manifest.lock\" > /dev/null\nif [ $? != 0 ] ; then\n    # print error to STDERR\n    echo \"error: The sandbox is not in sync with the Podfile.lock. Run 'pod install' or update your CocoaPods installation.\" >&2\n    exit 1\nfi\n# This output is used by Xcode 'outputs' to avoid re-running this script phase.\necho \"SUCCESS\" > \"${SCRIPT_OUTPUT_FILE_0}\"\n";
			showEnvVarsInLog = 0;
		};
		4E32C9995B8CC22A0840BDAD /* [CP] Copy Pods Resources */ = {
			isa = PBXShellScriptBuildPhase;
			buildActionMask = 2147483647;
			files = (
			);
			inputFileListPaths = (
			);
			inputPaths = (
				"${PODS_ROOT}/Target Support Files/Pods-TheOldTimes/Pods-TheOldTimes-resources.sh",
				"${PODS_ROOT}/GoogleSignIn/Resources/GoogleSignIn.bundle",
			);
			name = "[CP] Copy Pods Resources";
			outputFileListPaths = (
			);
			outputPaths = (
				"${TARGET_BUILD_DIR}/${UNLOCALIZED_RESOURCES_FOLDER_PATH}/GoogleSignIn.bundle",
			);
			runOnlyForDeploymentPostprocessing = 0;
			shellPath = /bin/sh;
			shellScript = "\"${PODS_ROOT}/Target Support Files/Pods-TheOldTimes/Pods-TheOldTimes-resources.sh\"\n";
			showEnvVarsInLog = 0;
		};
		5D3B23D67190E3509FB983FA /* [CP] Check Pods Manifest.lock */ = {
			isa = PBXShellScriptBuildPhase;
			buildActionMask = 2147483647;
			files = (
			);
			inputFileListPaths = (
			);
			inputPaths = (
				"${PODS_PODFILE_DIR_PATH}/Podfile.lock",
				"${PODS_ROOT}/Manifest.lock",
			);
			name = "[CP] Check Pods Manifest.lock";
			outputFileListPaths = (
			);
			outputPaths = (
				"$(DERIVED_FILE_DIR)/Pods-TheOldTimesTests-checkManifestLockResult.txt",
			);
			runOnlyForDeploymentPostprocessing = 0;
			shellPath = /bin/sh;
			shellScript = "diff \"${PODS_PODFILE_DIR_PATH}/Podfile.lock\" \"${PODS_ROOT}/Manifest.lock\" > /dev/null\nif [ $? != 0 ] ; then\n    # print error to STDERR\n    echo \"error: The sandbox is not in sync with the Podfile.lock. Run 'pod install' or update your CocoaPods installation.\" >&2\n    exit 1\nfi\n# This output is used by Xcode 'outputs' to avoid re-running this script phase.\necho \"SUCCESS\" > \"${SCRIPT_OUTPUT_FILE_0}\"\n";
			showEnvVarsInLog = 0;
		};
/* End PBXShellScriptBuildPhase section */

/* Begin PBXSourcesBuildPhase section */
		DA785EC8225C1292009C23CC /* Sources */ = {
			isa = PBXSourcesBuildPhase;
			buildActionMask = 2147483647;
			files = (
				DA785ED2225C1292009C23CC /* ViewController.swift in Sources */,
				DA785ED0225C1292009C23CC /* AppDelegate.swift in Sources */,
				DAC440F822759119005052FF /* GoogleSignInViewController.swift in Sources */,
				DAC440FE227FE570005052FF /* LoginViewController.swift in Sources */,
				DAFE67FD2287D1C8001A76AB /* MessageViewController.swift in Sources */,
				DA785ED8225C1292009C23CC /* TheOldTimes.xcdatamodeld in Sources */,
				DAFE67FF2287D1F1001A76AB /* ShowChatLogController.swift in Sources */,
			);
			runOnlyForDeploymentPostprocessing = 0;
		};
		DA785EDF225C1293009C23CC /* Sources */ = {
			isa = PBXSourcesBuildPhase;
			buildActionMask = 2147483647;
			files = (
				DA785EE8225C1293009C23CC /* TheOldTimesTests.swift in Sources */,
			);
			runOnlyForDeploymentPostprocessing = 0;
		};
		DA785EEA225C1293009C23CC /* Sources */ = {
			isa = PBXSourcesBuildPhase;
			buildActionMask = 2147483647;
			files = (
				DA785EF3225C1293009C23CC /* TheOldTimesUITests.swift in Sources */,
			);
			runOnlyForDeploymentPostprocessing = 0;
		};
/* End PBXSourcesBuildPhase section */

/* Begin PBXTargetDependency section */
		DA785EE5225C1293009C23CC /* PBXTargetDependency */ = {
			isa = PBXTargetDependency;
			target = DA785ECB225C1292009C23CC /* TheOldTimes */;
			targetProxy = DA785EE4225C1293009C23CC /* PBXContainerItemProxy */;
		};
		DA785EF0225C1293009C23CC /* PBXTargetDependency */ = {
			isa = PBXTargetDependency;
			target = DA785ECB225C1292009C23CC /* TheOldTimes */;
			targetProxy = DA785EEF225C1293009C23CC /* PBXContainerItemProxy */;
		};
/* End PBXTargetDependency section */

/* Begin PBXVariantGroup section */
		DA785ED3225C1292009C23CC /* Main.storyboard */ = {
			isa = PBXVariantGroup;
			children = (
				DA785ED4225C1292009C23CC /* Base */,
			);
			name = Main.storyboard;
			sourceTree = "<group>";
		};
		DA785EDB225C1293009C23CC /* LaunchScreen.storyboard */ = {
			isa = PBXVariantGroup;
			children = (
				DA785EDC225C1293009C23CC /* Base */,
			);
			name = LaunchScreen.storyboard;
			sourceTree = "<group>";
		};
/* End PBXVariantGroup section */

/* Begin XCBuildConfiguration section */
		DA785EF5225C1293009C23CC /* Debug */ = {
			isa = XCBuildConfiguration;
			buildSettings = {
				ALWAYS_SEARCH_USER_PATHS = NO;
				CLANG_ANALYZER_NONNULL = YES;
				CLANG_ANALYZER_NUMBER_OBJECT_CONVERSION = YES_AGGRESSIVE;
				CLANG_CXX_LANGUAGE_STANDARD = "gnu++14";
				CLANG_CXX_LIBRARY = "libc++";
				CLANG_ENABLE_MODULES = YES;
				CLANG_ENABLE_OBJC_ARC = YES;
				CLANG_ENABLE_OBJC_WEAK = YES;
				CLANG_WARN_BLOCK_CAPTURE_AUTORELEASING = YES;
				CLANG_WARN_BOOL_CONVERSION = YES;
				CLANG_WARN_COMMA = YES;
				CLANG_WARN_CONSTANT_CONVERSION = YES;
				CLANG_WARN_DEPRECATED_OBJC_IMPLEMENTATIONS = YES;
				CLANG_WARN_DIRECT_OBJC_ISA_USAGE = YES_ERROR;
				CLANG_WARN_DOCUMENTATION_COMMENTS = YES;
				CLANG_WARN_EMPTY_BODY = YES;
				CLANG_WARN_ENUM_CONVERSION = YES;
				CLANG_WARN_INFINITE_RECURSION = YES;
				CLANG_WARN_INT_CONVERSION = YES;
				CLANG_WARN_NON_LITERAL_NULL_CONVERSION = YES;
				CLANG_WARN_OBJC_IMPLICIT_RETAIN_SELF = YES;
				CLANG_WARN_OBJC_LITERAL_CONVERSION = YES;
				CLANG_WARN_OBJC_ROOT_CLASS = YES_ERROR;
				CLANG_WARN_RANGE_LOOP_ANALYSIS = YES;
				CLANG_WARN_STRICT_PROTOTYPES = YES;
				CLANG_WARN_SUSPICIOUS_MOVE = YES;
				CLANG_WARN_UNGUARDED_AVAILABILITY = YES_AGGRESSIVE;
				CLANG_WARN_UNREACHABLE_CODE = YES;
				CLANG_WARN__DUPLICATE_METHOD_MATCH = YES;
				CODE_SIGN_IDENTITY = "iPhone Developer";
				COPY_PHASE_STRIP = NO;
				DEBUG_INFORMATION_FORMAT = dwarf;
				ENABLE_STRICT_OBJC_MSGSEND = YES;
				ENABLE_TESTABILITY = YES;
				GCC_C_LANGUAGE_STANDARD = gnu11;
				GCC_DYNAMIC_NO_PIC = NO;
				GCC_NO_COMMON_BLOCKS = YES;
				GCC_OPTIMIZATION_LEVEL = 0;
				GCC_PREPROCESSOR_DEFINITIONS = (
					"DEBUG=1",
					"$(inherited)",
				);
				GCC_WARN_64_TO_32_BIT_CONVERSION = YES;
				GCC_WARN_ABOUT_RETURN_TYPE = YES_ERROR;
				GCC_WARN_UNDECLARED_SELECTOR = YES;
				GCC_WARN_UNINITIALIZED_AUTOS = YES_AGGRESSIVE;
				GCC_WARN_UNUSED_FUNCTION = YES;
				GCC_WARN_UNUSED_VARIABLE = YES;
				IPHONEOS_DEPLOYMENT_TARGET = 12.2;
				MTL_ENABLE_DEBUG_INFO = INCLUDE_SOURCE;
				MTL_FAST_MATH = YES;
				ONLY_ACTIVE_ARCH = YES;
				SDKROOT = iphoneos;
				SWIFT_ACTIVE_COMPILATION_CONDITIONS = DEBUG;
				SWIFT_OPTIMIZATION_LEVEL = "-Onone";
			};
			name = Debug;
		};
		DA785EF6225C1293009C23CC /* Release */ = {
			isa = XCBuildConfiguration;
			buildSettings = {
				ALWAYS_SEARCH_USER_PATHS = NO;
				CLANG_ANALYZER_NONNULL = YES;
				CLANG_ANALYZER_NUMBER_OBJECT_CONVERSION = YES_AGGRESSIVE;
				CLANG_CXX_LANGUAGE_STANDARD = "gnu++14";
				CLANG_CXX_LIBRARY = "libc++";
				CLANG_ENABLE_MODULES = YES;
				CLANG_ENABLE_OBJC_ARC = YES;
				CLANG_ENABLE_OBJC_WEAK = YES;
				CLANG_WARN_BLOCK_CAPTURE_AUTORELEASING = YES;
				CLANG_WARN_BOOL_CONVERSION = YES;
				CLANG_WARN_COMMA = YES;
				CLANG_WARN_CONSTANT_CONVERSION = YES;
				CLANG_WARN_DEPRECATED_OBJC_IMPLEMENTATIONS = YES;
				CLANG_WARN_DIRECT_OBJC_ISA_USAGE = YES_ERROR;
				CLANG_WARN_DOCUMENTATION_COMMENTS = YES;
				CLANG_WARN_EMPTY_BODY = YES;
				CLANG_WARN_ENUM_CONVERSION = YES;
				CLANG_WARN_INFINITE_RECURSION = YES;
				CLANG_WARN_INT_CONVERSION = YES;
				CLANG_WARN_NON_LITERAL_NULL_CONVERSION = YES;
				CLANG_WARN_OBJC_IMPLICIT_RETAIN_SELF = YES;
				CLANG_WARN_OBJC_LITERAL_CONVERSION = YES;
				CLANG_WARN_OBJC_ROOT_CLASS = YES_ERROR;
				CLANG_WARN_RANGE_LOOP_ANALYSIS = YES;
				CLANG_WARN_STRICT_PROTOTYPES = YES;
				CLANG_WARN_SUSPICIOUS_MOVE = YES;
				CLANG_WARN_UNGUARDED_AVAILABILITY = YES_AGGRESSIVE;
				CLANG_WARN_UNREACHABLE_CODE = YES;
				CLANG_WARN__DUPLICATE_METHOD_MATCH = YES;
				CODE_SIGN_IDENTITY = "iPhone Developer";
				COPY_PHASE_STRIP = NO;
				DEBUG_INFORMATION_FORMAT = "dwarf-with-dsym";
				ENABLE_NS_ASSERTIONS = NO;
				ENABLE_STRICT_OBJC_MSGSEND = YES;
				GCC_C_LANGUAGE_STANDARD = gnu11;
				GCC_NO_COMMON_BLOCKS = YES;
				GCC_WARN_64_TO_32_BIT_CONVERSION = YES;
				GCC_WARN_ABOUT_RETURN_TYPE = YES_ERROR;
				GCC_WARN_UNDECLARED_SELECTOR = YES;
				GCC_WARN_UNINITIALIZED_AUTOS = YES_AGGRESSIVE;
				GCC_WARN_UNUSED_FUNCTION = YES;
				GCC_WARN_UNUSED_VARIABLE = YES;
				IPHONEOS_DEPLOYMENT_TARGET = 12.2;
				MTL_ENABLE_DEBUG_INFO = NO;
				MTL_FAST_MATH = YES;
				SDKROOT = iphoneos;
				SWIFT_COMPILATION_MODE = wholemodule;
				SWIFT_OPTIMIZATION_LEVEL = "-O";
				VALIDATE_PRODUCT = YES;
			};
			name = Release;
		};
		DA785EF8225C1293009C23CC /* Debug */ = {
			isa = XCBuildConfiguration;
			baseConfigurationReference = CB1B318FD8AC82EEFE7EABFE /* Pods-TheOldTimes.debug.xcconfig */;
			buildSettings = {
				ASSETCATALOG_COMPILER_APPICON_NAME = AppIcon;
				CODE_SIGN_STYLE = Automatic;
				DEVELOPMENT_TEAM = D66ABB7985;
				INFOPLIST_FILE = TheOldTimes/Info.plist;
				LD_RUNPATH_SEARCH_PATHS = (
					"$(inherited)",
					"@executable_path/Frameworks",
				);
				PRODUCT_BUNDLE_IDENTIFIER = com.HackTrio.YourFolio;
				PRODUCT_NAME = "$(TARGET_NAME)";
				SWIFT_VERSION = 5.0;
				TARGETED_DEVICE_FAMILY = "1,2";
			};
			name = Debug;
		};
		DA785EF9225C1293009C23CC /* Release */ = {
			isa = XCBuildConfiguration;
			baseConfigurationReference = 98D532E26A473A02ADD56EAA /* Pods-TheOldTimes.release.xcconfig */;
			buildSettings = {
				ASSETCATALOG_COMPILER_APPICON_NAME = AppIcon;
				CODE_SIGN_STYLE = Automatic;
				DEVELOPMENT_TEAM = D66ABB7985;
				INFOPLIST_FILE = TheOldTimes/Info.plist;
				LD_RUNPATH_SEARCH_PATHS = (
					"$(inherited)",
					"@executable_path/Frameworks",
				);
				PRODUCT_BUNDLE_IDENTIFIER = com.HackTrio.YourFolio;
				PRODUCT_NAME = "$(TARGET_NAME)";
				SWIFT_VERSION = 5.0;
				TARGETED_DEVICE_FAMILY = "1,2";
			};
			name = Release;
		};
		DA785EFB225C1293009C23CC /* Debug */ = {
			isa = XCBuildConfiguration;
			baseConfigurationReference = 44FDE657F415AC34A20286A4 /* Pods-TheOldTimesTests.debug.xcconfig */;
			buildSettings = {
				ALWAYS_EMBED_SWIFT_STANDARD_LIBRARIES = YES;
				BUNDLE_LOADER = "$(TEST_HOST)";
				CODE_SIGN_STYLE = Automatic;
				DEVELOPMENT_TEAM = D66ABB7985;
				INFOPLIST_FILE = TheOldTimesTests/Info.plist;
				LD_RUNPATH_SEARCH_PATHS = (
					"$(inherited)",
					"@executable_path/Frameworks",
					"@loader_path/Frameworks",
				);
				PRODUCT_BUNDLE_IDENTIFIER = com.AshikChowdhury.TheOldTimesTests;
				PRODUCT_NAME = "$(TARGET_NAME)";
				SWIFT_VERSION = 5.0;
				TARGETED_DEVICE_FAMILY = "1,2";
				TEST_HOST = "$(BUILT_PRODUCTS_DIR)/TheOldTimes.app/TheOldTimes";
			};
			name = Debug;
		};
		DA785EFC225C1293009C23CC /* Release */ = {
			isa = XCBuildConfiguration;
			baseConfigurationReference = E75873BED842EB9C985C8FA2 /* Pods-TheOldTimesTests.release.xcconfig */;
			buildSettings = {
				ALWAYS_EMBED_SWIFT_STANDARD_LIBRARIES = YES;
				BUNDLE_LOADER = "$(TEST_HOST)";
				CODE_SIGN_STYLE = Automatic;
				DEVELOPMENT_TEAM = D66ABB7985;
				INFOPLIST_FILE = TheOldTimesTests/Info.plist;
				LD_RUNPATH_SEARCH_PATHS = (
					"$(inherited)",
					"@executable_path/Frameworks",
					"@loader_path/Frameworks",
				);
				PRODUCT_BUNDLE_IDENTIFIER = com.AshikChowdhury.TheOldTimesTests;
				PRODUCT_NAME = "$(TARGET_NAME)";
				SWIFT_VERSION = 5.0;
				TARGETED_DEVICE_FAMILY = "1,2";
				TEST_HOST = "$(BUILT_PRODUCTS_DIR)/TheOldTimes.app/TheOldTimes";
			};
			name = Release;
		};
		DA785EFE225C1293009C23CC /* Debug */ = {
			isa = XCBuildConfiguration;
			baseConfigurationReference = 86F6A926495BD1DCD4CCB1FA /* Pods-TheOldTimesUITests.debug.xcconfig */;
			buildSettings = {
				ALWAYS_EMBED_SWIFT_STANDARD_LIBRARIES = YES;
				CODE_SIGN_STYLE = Automatic;
				DEVELOPMENT_TEAM = D66ABB7985;
				INFOPLIST_FILE = TheOldTimesUITests/Info.plist;
				LD_RUNPATH_SEARCH_PATHS = (
					"$(inherited)",
					"@executable_path/Frameworks",
					"@loader_path/Frameworks",
				);
				PRODUCT_BUNDLE_IDENTIFIER = com.AshikChowdhury.TheOldTimesUITests;
				PRODUCT_NAME = "$(TARGET_NAME)";
				SWIFT_VERSION = 5.0;
				TARGETED_DEVICE_FAMILY = "1,2";
				TEST_TARGET_NAME = TheOldTimes;
			};
			name = Debug;
		};
		DA785EFF225C1293009C23CC /* Release */ = {
			isa = XCBuildConfiguration;
			baseConfigurationReference = 3D47E226147441F5FFDF9B4E /* Pods-TheOldTimesUITests.release.xcconfig */;
			buildSettings = {
				ALWAYS_EMBED_SWIFT_STANDARD_LIBRARIES = YES;
				CODE_SIGN_STYLE = Automatic;
				DEVELOPMENT_TEAM = D66ABB7985;
				INFOPLIST_FILE = TheOldTimesUITests/Info.plist;
				LD_RUNPATH_SEARCH_PATHS = (
					"$(inherited)",
					"@executable_path/Frameworks",
					"@loader_path/Frameworks",
				);
				PRODUCT_BUNDLE_IDENTIFIER = com.AshikChowdhury.TheOldTimesUITests;
				PRODUCT_NAME = "$(TARGET_NAME)";
				SWIFT_VERSION = 5.0;
				TARGETED_DEVICE_FAMILY = "1,2";
				TEST_TARGET_NAME = TheOldTimes;
			};
			name = Release;
		};
/* End XCBuildConfiguration section */

/* Begin XCConfigurationList section */
		DA785EC7225C1292009C23CC /* Build configuration list for PBXProject "TheOldTimes" */ = {
			isa = XCConfigurationList;
			buildConfigurations = (
				DA785EF5225C1293009C23CC /* Debug */,
				DA785EF6225C1293009C23CC /* Release */,
			);
			defaultConfigurationIsVisible = 0;
			defaultConfigurationName = Release;
		};
		DA785EF7225C1293009C23CC /* Build configuration list for PBXNativeTarget "TheOldTimes" */ = {
			isa = XCConfigurationList;
			buildConfigurations = (
				DA785EF8225C1293009C23CC /* Debug */,
				DA785EF9225C1293009C23CC /* Release */,
			);
			defaultConfigurationIsVisible = 0;
			defaultConfigurationName = Release;
		};
		DA785EFA225C1293009C23CC /* Build configuration list for PBXNativeTarget "TheOldTimesTests" */ = {
			isa = XCConfigurationList;
			buildConfigurations = (
				DA785EFB225C1293009C23CC /* Debug */,
				DA785EFC225C1293009C23CC /* Release */,
			);
			defaultConfigurationIsVisible = 0;
			defaultConfigurationName = Release;
		};
		DA785EFD225C1293009C23CC /* Build configuration list for PBXNativeTarget "TheOldTimesUITests" */ = {
			isa = XCConfigurationList;
			buildConfigurations = (
				DA785EFE225C1293009C23CC /* Debug */,
				DA785EFF225C1293009C23CC /* Release */,
			);
			defaultConfigurationIsVisible = 0;
			defaultConfigurationName = Release;
		};
/* End XCConfigurationList section */

/* Begin XCVersionGroup section */
		DA785ED6225C1292009C23CC /* TheOldTimes.xcdatamodeld */ = {
			isa = XCVersionGroup;
			children = (
				DA785ED7225C1292009C23CC /* TheOldTimes.xcdatamodel */,
			);
			currentVersion = DA785ED7225C1292009C23CC /* TheOldTimes.xcdatamodel */;
			path = TheOldTimes.xcdatamodeld;
			sourceTree = "<group>";
			versionGroupType = wrapper.xcdatamodel;
		};
/* End XCVersionGroup section */
	};
	rootObject = DA785EC4225C1292009C23CC /* Project object */;
}
